
Microsoft Visual Studio Solution File, Format Version 12.00
# Visual Studio Version 16
VisualStudioVersion = 16.0.31112.23
MinimumVisualStudioVersion = 10.0.40219.1
Project("{FAE04EC0-301F-11D3-BF4B-00C04F79EFBC}") = "DatabaseFirst", "DatabaseFirst\DatabaseFirst.csproj", "{2E121EFB-DB73-4F3C-9CB5-1F6FE1F76F64}"
EndProject
Project("{FAE04EC0-301F-11D3-BF4B-00C04F79EFBC}") = "CodeFirst", "CodeFirst\CodeFirst.csproj", "{808EC301-E967-46B2-9516-721D150CCC3A}"
EndProject
Global
	GlobalSection(SolutionConfigurationPlatforms) = preSolution
		Debug|Any CPU = Debug|Any CPU
		Release|Any CPU = Release|Any CPU
	EndGlobalSection
	GlobalSection(ProjectConfigurationPlatforms) = postSolution
		{2E121EFB-DB73-4F3C-9CB5-1F6FE1F76F64}.Debug|Any CPU.ActiveCfg = Debug|Any CPU
		{2E121EFB-DB73-4F3C-9CB5-1F6FE1F76F64}.Debug|Any CPU.Build.0 = Debug|Any CPU
		{2E121EFB-DB73-4F3C-9CB5-1F6FE1F76F64}.Release|Any CPU.ActiveCfg = Release|Any CPU
		{2E121EFB-DB73-4F3C-9CB5-1F6FE1F76F64}.Release|Any CPU.Build.0 = Release|Any CPU
		{808EC301-E967-46B2-9516-721D150CCC3A}.Debug|Any CPU.ActiveCfg = Debug|Any CPU
		{808EC301-E967-46B2-9516-721D150CCC3A}.Debug|Any CPU.Build.0 = Debug|Any CPU
		{808EC301-E967-46B2-9516-721D150CCC3A}.Release|Any CPU.ActiveCfg = Release|Any CPU
		{808EC301-E967-46B2-9516-721D150CCC3A}.Release|Any CPU.Build.0 = Release|Any CPU
	EndGlobalSection
	GlobalSection(SolutionProperties) = preSolution
		HideSolutionNode = FALSE
	EndGlobalSection
	GlobalSection(ExtensibilityGlobals) = postSolution
		SolutionGuid = {2FEB5E06-7A1C-4F3F-A9C9-A184409F979B}
	EndGlobalSection
EndGlobal
